
Microsoft Visual Studio Solution File, Format Version 12.00
# Visual Studio Version 17
VisualStudioVersion = 17.9.34616.47
MinimumVisualStudioVersion = 10.0.40219.1
Project("{9A19103F-16F7-4668-BE54-9A1E7A4F7556}") = "PlatformService.Api", "PlatformService\PlatformService.Api\PlatformService.Api.csproj", "{8B7943B1-05CE-4986-AEFA-D7EAEADD6EAB}"
EndProject
Project("{9A19103F-16F7-4668-BE54-9A1E7A4F7556}") = "CommandService.Api", "CommandService\CommandService.Api\CommandService.Api.csproj", "{9738690C-1C65-42FB-A6BA-DFBF8069F77F}"
EndProject
Project("{2150E333-8FDC-42A3-9474-1A3956D46DE8}") = "Kubernetes_Deployments", "Kubernetes_Deployments", "{A149DE7D-6942-43C9-B22D-A756A15E8CCA}"
	ProjectSection(SolutionItems) = preProject
		Kubernetes_Deployments\command-cluster-ip-service.yaml = Kubernetes_Deployments\command-cluster-ip-service.yaml
		Kubernetes_Deployments\command-service-deployment.yaml = Kubernetes_Deployments\command-service-deployment.yaml
		Kubernetes_Deployments\platform-cluster-ip-service.yaml = Kubernetes_Deployments\platform-cluster-ip-service.yaml
		Kubernetes_Deployments\platform-node-port-service.yaml = Kubernetes_Deployments\platform-node-port-service.yaml
		Kubernetes_Deployments\platform-service-deployment.yaml = Kubernetes_Deployments\platform-service-deployment.yaml
	EndProjectSection
EndProject
Project("{2150E333-8FDC-42A3-9474-1A3956D46DE8}") = "Docker_Compose", "Docker_Compose", "{B8323080-0DC8-4BD2-B711-E9B2D384E6B0}"
	ProjectSection(SolutionItems) = preProject
		Docker_Compose\docker-compose.yaml = Docker_Compose\docker-compose.yaml
	EndProjectSection
EndProject
Global
	GlobalSection(SolutionConfigurationPlatforms) = preSolution
		Debug|Any CPU = Debug|Any CPU
		Release|Any CPU = Release|Any CPU
	EndGlobalSection
	GlobalSection(ProjectConfigurationPlatforms) = postSolution
		{8B7943B1-05CE-4986-AEFA-D7EAEADD6EAB}.Debug|Any CPU.ActiveCfg = Debug|Any CPU
		{8B7943B1-05CE-4986-AEFA-D7EAEADD6EAB}.Debug|Any CPU.Build.0 = Debug|Any CPU
		{8B7943B1-05CE-4986-AEFA-D7EAEADD6EAB}.Release|Any CPU.ActiveCfg = Release|Any CPU
		{8B7943B1-05CE-4986-AEFA-D7EAEADD6EAB}.Release|Any CPU.Build.0 = Release|Any CPU
		{9738690C-1C65-42FB-A6BA-DFBF8069F77F}.Debug|Any CPU.ActiveCfg = Debug|Any CPU
		{9738690C-1C65-42FB-A6BA-DFBF8069F77F}.Debug|Any CPU.Build.0 = Debug|Any CPU
		{9738690C-1C65-42FB-A6BA-DFBF8069F77F}.Release|Any CPU.ActiveCfg = Release|Any CPU
		{9738690C-1C65-42FB-A6BA-DFBF8069F77F}.Release|Any CPU.Build.0 = Release|Any CPU
	EndGlobalSection
	GlobalSection(SolutionProperties) = preSolution
		HideSolutionNode = FALSE
	EndGlobalSection
	GlobalSection(ExtensibilityGlobals) = postSolution
		SolutionGuid = {FF96A785-C61B-4ACE-9E2F-9FF43E3862AF}
	EndGlobalSection
EndGlobal
