
Microsoft Visual Studio Solution File, Format Version 12.00
# Visual Studio Version 17
VisualStudioVersion = 17.9.34616.47
MinimumVisualStudioVersion = 10.0.40219.1
Project("{FAE04EC0-301F-11D3-BF4B-00C04F79EFBC}") = "PlatformService.Api", "PlatformService.Api\PlatformService.Api.csproj", "{0E066E93-BD6B-456C-8A12-4484B57F85F7}"
EndProject
Global
	GlobalSection(SolutionConfigurationPlatforms) = preSolution
		Debug|Any CPU = Debug|Any CPU
		Release|Any CPU = Release|Any CPU
	EndGlobalSection
	GlobalSection(ProjectConfigurationPlatforms) = postSolution
		{0E066E93-BD6B-456C-8A12-4484B57F85F7}.Debug|Any CPU.ActiveCfg = Debug|Any CPU
		{0E066E93-BD6B-456C-8A12-4484B57F85F7}.Debug|Any CPU.Build.0 = Debug|Any CPU
		{0E066E93-BD6B-456C-8A12-4484B57F85F7}.Release|Any CPU.ActiveCfg = Release|Any CPU
		{0E066E93-BD6B-456C-8A12-4484B57F85F7}.Release|Any CPU.Build.0 = Release|Any CPU
	EndGlobalSection
	GlobalSection(SolutionProperties) = preSolution
		HideSolutionNode = FALSE
	EndGlobalSection
	GlobalSection(ExtensibilityGlobals) = postSolution
		SolutionGuid = {D7EF5429-D40F-4DDE-AD11-6F6814F82159}
	EndGlobalSection
EndGlobal
